
Microsoft Visual Studio Solution File, Format Version 12.00
# Visual Studio Version 16
VisualStudioVersion = 16.0.30413.136
MinimumVisualStudioVersion = 10.0.40219.1
Project("{FAE04EC0-301F-11D3-BF4B-00C04F79EFBC}") = "GrainTrade", "GrainTrade\GrainTrade.csproj", "{DA744C6E-B748-4A54-8FC8-9DD6124DA82E}"
EndProject
Global
	GlobalSection(SolutionConfigurationPlatforms) = preSolution
		Debug|Any CPU = Debug|Any CPU
		Release|Any CPU = Release|Any CPU
	EndGlobalSection
	GlobalSection(ProjectConfigurationPlatforms) = postSolution
		{DA744C6E-B748-4A54-8FC8-9DD6124DA82E}.Debug|Any CPU.ActiveCfg = Debug|Any CPU
		{DA744C6E-B748-4A54-8FC8-9DD6124DA82E}.Debug|Any CPU.Build.0 = Debug|Any CPU
		{DA744C6E-B748-4A54-8FC8-9DD6124DA82E}.Release|Any CPU.ActiveCfg = Release|Any CPU
		{DA744C6E-B748-4A54-8FC8-9DD6124DA82E}.Release|Any CPU.Build.0 = Release|Any CPU
	EndGlobalSection
	GlobalSection(SolutionProperties) = preSolution
		HideSolutionNode = FALSE
	EndGlobalSection
	GlobalSection(ExtensibilityGlobals) = postSolution
		SolutionGuid = {E6547D21-6253-4CEC-95CE-6743C0889242}
	EndGlobalSection
EndGlobal
